
Microsoft Visual Studio Solution File, Format Version 12.00
# Visual Studio Version 16
VisualStudioVersion = 16.0.31729.503
MinimumVisualStudioVersion = 10.0.40219.1
Project("{FAE04EC0-301F-11D3-BF4B-00C04F79EFBC}") = "CRUD-Img-Upload", "CRUD-Img-Upload\CRUD-Img-Upload.csproj", "{23389302-CE6A-4C2C-A9B3-A2025DD545B8}"
EndProject
Global
	GlobalSection(SolutionConfigurationPlatforms) = preSolution
		Debug|Any CPU = Debug|Any CPU
		Release|Any CPU = Release|Any CPU
	EndGlobalSection
	GlobalSection(ProjectConfigurationPlatforms) = postSolution
		{23389302-CE6A-4C2C-A9B3-A2025DD545B8}.Debug|Any CPU.ActiveCfg = Debug|Any CPU
		{23389302-CE6A-4C2C-A9B3-A2025DD545B8}.Debug|Any CPU.Build.0 = Debug|Any CPU
		{23389302-CE6A-4C2C-A9B3-A2025DD545B8}.Release|Any CPU.ActiveCfg = Release|Any CPU
		{23389302-CE6A-4C2C-A9B3-A2025DD545B8}.Release|Any CPU.Build.0 = Release|Any CPU
	EndGlobalSection
	GlobalSection(SolutionProperties) = preSolution
		HideSolutionNode = FALSE
	EndGlobalSection
	GlobalSection(ExtensibilityGlobals) = postSolution
		SolutionGuid = {9EF77095-2135-43E6-BC78-0AA96C0867F9}
	EndGlobalSection
EndGlobal
